<?xml version="1.0" encoding="utf-8"?>
<Project ToolsVersion="4.0" xmlns="http://schemas.microsoft.com/developer/msbuild/2003">
  <ItemGroup>
    <Filter Include="Source Files">
      <UniqueIdentifier>{4FC737F1-C7A5-4376-A066-2A32D752A2FF}</UniqueIdentifier>
      <Extensions>cpp;c;cc;cxx;c++;cppm;ixx;def;odl;idl;hpj;bat;asm;asmx</Extensions>
    </Filter>
    <Filter Include="Header Files">
      <UniqueIdentifier>{93995380-89BD-4b04-88EB-625FBE52EBFB}</UniqueIdentifier>
      <Extensions>h;hh;hpp;hxx;h++;hm;inl;inc;ipp;xsd</Extensions>
    </Filter>
    <Filter Include="Resource Files">
      <UniqueIdentifier>{67DA6AB6-F800-4c08-8B7A-83BB121AAD01}</UniqueIdentifier>
      <Extensions>rc;ico;cur;bmp;dlg;rc2;rct;bin;rgs;gif;jpg;jpeg;jpe;resx;tiff;tif;png;wav;mfcribbon-ms</Extensions>
    </Filter>
    <Filter Include="Source Files\particle">
      <UniqueIdentifier>{1c4b6837-fe00-41af-8352-9cd64c36d144}</UniqueIdentifier>
    </Filter>
    <Filter Include="Source Files\particle\rendering">
      <UniqueIdentifier>{9be69bf4-f825-47ad-aed2-6bd31350c3d8}</UniqueIdentifier>
    </Filter>
    <Filter Include="Header Files\tools">
      <UniqueIdentifier>{e323ee75-c0c9-4fb3-ba47-7579ce110ac6}</UniqueIdentifier>
    </Filter>
    <Filter Include="Header Files\particle">
      <UniqueIdentifier>{8a748ae8-16d6-4d98-b24f-f0fdc30d03de}</UniqueIdentifier>
    </Filter>
    <Filter Include="Source Files\tools">
      <UniqueIdentifier>{76cded1f-d1a4-4473-bae5-0383a532a617}</UniqueIdentifier>
    </Filter>
    <Filter Include="Source Files\world">
      <UniqueIdentifier>{2a1dcd14-146a-4444-8770-5af06902d0f3}</UniqueIdentifier>
    </Filter>
    <Filter Include="Header Files\world">
      <UniqueIdentifier>{0bcd3be9-91e7-4176-85a2-aa0f8f653c71}</UniqueIdentifier>
    </Filter>
    <Filter Include="Source Files\world\generators">
      <UniqueIdentifier>{0bd079f6-bbb9-4530-b761-442aad4d40da}</UniqueIdentifier>
    </Filter>
    <Filter Include="Source Files\particle\sounds">
      <UniqueIdentifier>{ab113409-04bf-42e4-a7d5-5041b1c6102c}</UniqueIdentifier>
    </Filter>
    <Filter Include="Source Files\world\generators\swamp">
      <UniqueIdentifier>{825eeb5d-f5f8-47f3-8b61-5bc83eca39b7}</UniqueIdentifier>
    </Filter>
    <Filter Include="Source Files\world\generators\ocean">
      <UniqueIdentifier>{581b7b72-2a46-42b7-8f13-154327b2a2b8}</UniqueIdentifier>
    </Filter>
    <Filter Include="Source Files\world\tools">
      <UniqueIdentifier>{e800e2ae-aad6-4698-8c15-1a38f428e04d}</UniqueIdentifier>
    </Filter>
    <Filter Include="Source Files\particle\particle_world">
      <UniqueIdentifier>{54e78f44-24e0-4d13-b1c2-daaee7f08e7a}</UniqueIdentifier>
    </Filter>
    <Filter Include="Source Files\particle\particle_world\tools">
      <UniqueIdentifier>{6cd5fb25-35ba-40da-b56f-a150c24abbde}</UniqueIdentifier>
    </Filter>
    <Filter Include="Source Files\init">
      <UniqueIdentifier>{aaa26297-4d50-4dc8-865f-0b37faba5396}</UniqueIdentifier>
    </Filter>
    <Filter Include="Header Files\menu">
      <UniqueIdentifier>{1a7d5b5f-b4c2-4fdf-9ce6-c33bc5eba333}</UniqueIdentifier>
    </Filter>
    <Filter Include="Source Files\menu">
      <UniqueIdentifier>{909037a4-5c33-4ec8-8c33-c3c6242a7d46}</UniqueIdentifier>
    </Filter>
    <Filter Include="Source Files\menu\controls">
      <UniqueIdentifier>{a16aeeb2-9ede-49b9-976a-35a554b97f12}</UniqueIdentifier>
    </Filter>
    <Filter Include="Header Files\menu\controls">
      <UniqueIdentifier>{bdb9ebca-9be8-40bb-9aa8-b2c64738ad41}</UniqueIdentifier>
    </Filter>
    <Filter Include="Source Files\menu\menus">
      <UniqueIdentifier>{624ec143-4f0c-42a7-9a1c-37ac831640fb}</UniqueIdentifier>
    </Filter>
    <Filter Include="Source Files\menu\controls\button">
      <UniqueIdentifier>{488de7b1-47fd-4ca9-b0f8-f37c71fa50e5}</UniqueIdentifier>
    </Filter>
    <Filter Include="Source Files\effects">
      <UniqueIdentifier>{49e9b2ab-74df-42c4-aa87-751a1203058c}</UniqueIdentifier>
    </Filter>
    <Filter Include="Header Files\effects">
      <UniqueIdentifier>{7293ce84-a73d-4e36-90dd-533ee3a64ae8}</UniqueIdentifier>
    </Filter>
    <Filter Include="Source Files\particle\particle_world\physics">
      <UniqueIdentifier>{1db0175c-5aba-4f1d-9b46-63a46a9d2e99}</UniqueIdentifier>
    </Filter>
    <Filter Include="Source Files\particle\particle_world\physics\materials">
      <UniqueIdentifier>{e2695efc-5fb7-4bf1-9162-0971d50aba7a}</UniqueIdentifier>
    </Filter>
    <Filter Include="Source Files\particle\rendering\shaders">
      <UniqueIdentifier>{50cb1b2e-7b11-4ea8-a3df-42c88cbcb81e}</UniqueIdentifier>
    </Filter>
    <Filter Include="Source Files\tools\num2d">
      <UniqueIdentifier>{be7fdbfe-c9b2-4a7c-8bb5-327c4d95c212}</UniqueIdentifier>
    </Filter>
  </ItemGroup>
  <ItemGroup>
    <ClCompile Include="main.cpp">
      <Filter>Source Files</Filter>
    </ClCompile>
    <ClCompile Include="include\particle\renderer\particle_renderer.cpp">
      <Filter>Source Files\particle\rendering</Filter>
    </ClCompile>
    <ClCompile Include="include\tools\arrays.cpp">
      <Filter>Source Files\tools</Filter>
    </ClCompile>
    <ClCompile Include="include\world\world_generator.cpp">
      <Filter>Source Files\world</Filter>
    </ClCompile>
    <ClCompile Include="include\world\generators\tools\noise.cpp">
      <Filter>Source Files\world\tools</Filter>
    </ClCompile>
    <ClCompile Include="include\world\generators\tools\kernel.cpp">
      <Filter>Source Files\world\tools</Filter>
    </ClCompile>
    <ClCompile Include="include\world\generators\tools\quantize.cpp">
      <Filter>Source Files\world\tools</Filter>
    </ClCompile>
    <ClCompile Include="include\particle\sounds\particle_sounds.cpp">
      <Filter>Source Files\particle\sounds</Filter>
    </ClCompile>
    <ClCompile Include="include\world\generators\swamp\swamp.cpp">
      <Filter>Source Files\world\generators\swamp</Filter>
    </ClCompile>
    <ClCompile Include="include\world\generators\ocean\ocean_objects.cpp">
      <Filter>Source Files\world\generators\ocean</Filter>
    </ClCompile>
    <ClCompile Include="include\world\generators\ocean\ocean.cpp">
      <Filter>Source Files\world\generators\ocean</Filter>
    </ClCompile>
    <ClCompile Include="include\particle\particle_world\particle_world.cpp">
      <Filter>Source Files\particle\particle_world</Filter>
    </ClCompile>
    <ClCompile Include="include\init\text.cpp">
      <Filter>Source Files\init</Filter>
    </ClCompile>
    <ClCompile Include="include\particle\particle_world\tools\image.cpp">
      <Filter>Source Files\particle\particle_world\tools</Filter>
    </ClCompile>
    <ClCompile Include="include\menu\controls\button.cpp">
      <Filter>Source Files\menu\controls\button</Filter>
    </ClCompile>
    <ClCompile Include="include\tools\random.cpp">
      <Filter>Source Files\tools</Filter>
    </ClCompile>
    <ClCompile Include="include\effects\effector.cpp">
      <Filter>Source Files\effects</Filter>
    </ClCompile>
    <ClCompile Include="include\effects\shake.cpp">
      <Filter>Source Files\effects</Filter>
    </ClCompile>
    <ClCompile Include="include\tools\logger.cpp">
      <Filter>Source Files\tools</Filter>
    </ClCompile>
    <ClCompile Include="include\menu\menu.cpp">
      <Filter>Source Files\menu</Filter>
    </ClCompile>
    <ClCompile Include="include\menu\menus\menu_main.cpp">
      <Filter>Source Files\menu\menus</Filter>
    </ClCompile>
    <ClCompile Include="include\menu\menus\menu_sandbox.cpp">
      <Filter>Source Files\menu\menus</Filter>
    </ClCompile>
    <ClCompile Include="include\particle\particle_world\physics\particle_physics.cpp">
      <Filter>Source Files\particle\particle_world\physics</Filter>
    </ClCompile>
    <ClCompile Include="include\particle\particle_world\physics\materials\acid.cpp">
      <Filter>Source Files\particle\particle_world\physics\materials</Filter>
    </ClCompile>
    <ClCompile Include="include\particle\particle_world\physics\materials\acid_smoke.cpp">
      <Filter>Source Files\particle\particle_world\physics\materials</Filter>
    </ClCompile>
    <ClCompile Include="include\particle\particle_world\physics\materials\dirt.cpp">
      <Filter>Source Files\particle\particle_world\physics\materials</Filter>
    </ClCompile>
    <ClCompile Include="include\particle\particle_world\physics\materials\explosive.cpp">
      <Filter>Source Files\particle\particle_world\physics\materials</Filter>
    </ClCompile>
    <ClCompile Include="include\particle\particle_world\physics\materials\fire.cpp">
      <Filter>Source Files\particle\particle_world\physics\materials</Filter>
    </ClCompile>
    <ClCompile Include="include\particle\particle_world\physics\materials\grass.cpp">
      <Filter>Source Files\particle\particle_world\physics\materials</Filter>
    </ClCompile>
    <ClCompile Include="include\particle\particle_world\physics\materials\ice.cpp">
      <Filter>Source Files\particle\particle_world\physics\materials</Filter>
    </ClCompile>
    <ClCompile Include="include\particle\particle_world\physics\materials\nuke.cpp">
      <Filter>Source Files\particle\particle_world\physics\materials</Filter>
    </ClCompile>
    <ClCompile Include="include\particle\particle_world\physics\materials\sand.cpp">
      <Filter>Source Files\particle\particle_world\physics\materials</Filter>
    </ClCompile>
    <ClCompile Include="include\particle\particle_world\physics\materials\simple_gravity.cpp">
      <Filter>Source Files\particle\particle_world\physics\materials</Filter>
    </ClCompile>
    <ClCompile Include="include\particle\particle_world\physics\materials\smoke.cpp">
      <Filter>Source Files\particle\particle_world\physics\materials</Filter>
    </ClCompile>
    <ClCompile Include="include\particle\particle_world\physics\materials\water.cpp">
      <Filter>Source Files\particle\particle_world\physics\materials</Filter>
    </ClCompile>
    <ClCompile Include="include\tools\num\float2d.cpp">
      <Filter>Source Files\tools\num2d</Filter>
    </ClCompile>
    <ClCompile Include="include\tools\num\int2d.cpp">
      <Filter>Source Files\tools\num2d</Filter>
    </ClCompile>
  </ItemGroup>
  <ItemGroup>
    <ClInclude Include="headers\tools\tools.hpp">
      <Filter>Header Files\tools</Filter>
    </ClInclude>
    <ClInclude Include="headers\particle\particle_renderer.hpp">
      <Filter>Header Files\particle</Filter>
    </ClInclude>
    <ClInclude Include="headers\particle\particle_world.hpp">
      <Filter>Header Files\particle</Filter>
    </ClInclude>
    <ClInclude Include="headers\world\world_generator.hpp">
      <Filter>Header Files\world</Filter>
    </ClInclude>
    <ClInclude Include="headers\tools\num2d.hpp">
      <Filter>Header Files\tools</Filter>
    </ClInclude>
    <ClInclude Include="headers\particle\particle_sounds.hpp">
      <Filter>Header Files\particle</Filter>
    </ClInclude>
    <ClInclude Include="headers\init.hpp">
      <Filter>Header Files</Filter>
    </ClInclude>
    <ClInclude Include="headers\menu\menu.hpp">
      <Filter>Header Files\menu</Filter>
    </ClInclude>
    <ClInclude Include="headers\menu\controls\button.hpp">
      <Filter>Header Files\menu\controls</Filter>
    </ClInclude>
    <ClInclude Include="headers\tools\random.hpp">
      <Filter>Header Files\tools</Filter>
    </ClInclude>
    <ClInclude Include="headers\tools\logger.hpp">
      <Filter>Header Files\tools</Filter>
    </ClInclude>
    <ClInclude Include="headers\effects\effects.hpp">
      <Filter>Header Files\effects</Filter>
    </ClInclude>
  </ItemGroup>
  <ItemGroup>
    <None Include="data\shaders\particle\shader.frag">
      <Filter>Source Files\particle\rendering\shaders</Filter>
    </None>
    <None Include="data\shaders\particle\shader.vert">
      <Filter>Source Files\particle\rendering\shaders</Filter>
    </None>
  </ItemGroup>
</Project>