<?xml version="1.0" encoding="utf-8"?>
<Project ToolsVersion="4.0" xmlns="http://schemas.microsoft.com/developer/msbuild/2003">
  <ItemGroup>
    <Filter Include="Source Files">
      <UniqueIdentifier>{4FC737F1-C7A5-4376-A066-2A32D752A2FF}</UniqueIdentifier>
      <Extensions>cpp;c;cc;cxx;c++;cppm;ixx;def;odl;idl;hpj;bat;asm;asmx</Extensions>
    </Filter>
    <Filter Include="Header Files">
      <UniqueIdentifier>{93995380-89BD-4b04-88EB-625FBE52EBFB}</UniqueIdentifier>
      <Extensions>h;hh;hpp;hxx;h++;hm;inl;inc;ipp;xsd</Extensions>
    </Filter>
    <Filter Include="Resource Files">
      <UniqueIdentifier>{67DA6AB6-F800-4c08-8B7A-83BB121AAD01}</UniqueIdentifier>
      <Extensions>rc;ico;cur;bmp;dlg;rc2;rct;bin;rgs;gif;jpg;jpeg;jpe;resx;tiff;tif;png;wav;mfcribbon-ms</Extensions>
    </Filter>
    <Filter Include="Source Files\particle">
      <UniqueIdentifier>{1c4b6837-fe00-41af-8352-9cd64c36d144}</UniqueIdentifier>
    </Filter>
    <Filter Include="Source Files\particle\physics">
      <UniqueIdentifier>{1db0175c-5aba-4f1d-9b46-63a46a9d2e99}</UniqueIdentifier>
    </Filter>
    <Filter Include="Source Files\particle\rendering">
      <UniqueIdentifier>{9be69bf4-f825-47ad-aed2-6bd31350c3d8}</UniqueIdentifier>
    </Filter>
    <Filter Include="Header Files\tools">
      <UniqueIdentifier>{e323ee75-c0c9-4fb3-ba47-7579ce110ac6}</UniqueIdentifier>
    </Filter>
    <Filter Include="Header Files\tools\menu">
      <UniqueIdentifier>{9681d9f1-9cc5-4506-9aab-2a2a16767950}</UniqueIdentifier>
    </Filter>
    <Filter Include="Header Files\particle">
      <UniqueIdentifier>{8a748ae8-16d6-4d98-b24f-f0fdc30d03de}</UniqueIdentifier>
    </Filter>
    <Filter Include="Source Files\tools">
      <UniqueIdentifier>{76cded1f-d1a4-4473-bae5-0383a532a617}</UniqueIdentifier>
    </Filter>
    <Filter Include="Source Files\tools\menu">
      <UniqueIdentifier>{909037a4-5c33-4ec8-8c33-c3c6242a7d46}</UniqueIdentifier>
    </Filter>
    <Filter Include="Source Files\particle\physics\materials">
      <UniqueIdentifier>{e2695efc-5fb7-4bf1-9162-0971d50aba7a}</UniqueIdentifier>
    </Filter>
    <Filter Include="Source Files\menus">
      <UniqueIdentifier>{b56db570-f5fb-4c1f-8ee9-db66ef4454f8}</UniqueIdentifier>
    </Filter>
    <Filter Include="Header Files\menus">
      <UniqueIdentifier>{1a7d5b5f-b4c2-4fdf-9ce6-c33bc5eba333}</UniqueIdentifier>
    </Filter>
    <Filter Include="Source Files\menus\sandbox_menu">
      <UniqueIdentifier>{c1324fb8-fa06-4523-b51a-192bab4ac742}</UniqueIdentifier>
    </Filter>
    <Filter Include="Source Files\menus\sandbox_menu\controls">
      <UniqueIdentifier>{070db78e-dad7-40dc-aa8e-607521cdac46}</UniqueIdentifier>
    </Filter>
    <Filter Include="Source Files\world">
      <UniqueIdentifier>{2a1dcd14-146a-4444-8770-5af06902d0f3}</UniqueIdentifier>
    </Filter>
    <Filter Include="Header Files\world">
      <UniqueIdentifier>{0bcd3be9-91e7-4176-85a2-aa0f8f653c71}</UniqueIdentifier>
    </Filter>
    <Filter Include="Source Files\world\generators">
      <UniqueIdentifier>{0bd079f6-bbb9-4530-b761-442aad4d40da}</UniqueIdentifier>
    </Filter>
    <Filter Include="Source Files\tools\num2d">
      <UniqueIdentifier>{be7fdbfe-c9b2-4a7c-8bb5-327c4d95c212}</UniqueIdentifier>
    </Filter>
    <Filter Include="Source Files\world\generators\tools">
      <UniqueIdentifier>{e800e2ae-aad6-4698-8c15-1a38f428e04d}</UniqueIdentifier>
    </Filter>
    <Filter Include="Source Files\menus\main_menu">
      <UniqueIdentifier>{40a84606-c4e8-4a86-a15e-07bd4e03f4cc}</UniqueIdentifier>
    </Filter>
    <Filter Include="Source Files\menus\main_menu\controls">
      <UniqueIdentifier>{1112c4a0-6eb3-43da-b176-7e964e59a4d4}</UniqueIdentifier>
    </Filter>
    <Filter Include="Source Files\particle\sounds">
      <UniqueIdentifier>{ab113409-04bf-42e4-a7d5-5041b1c6102c}</UniqueIdentifier>
    </Filter>
  </ItemGroup>
  <ItemGroup>
    <ClCompile Include="include\particle\physics\materials\sand.cpp">
      <Filter>Source Files\particle\physics\materials</Filter>
    </ClCompile>
    <ClCompile Include="include\particle\physics\materials\smoke.cpp">
      <Filter>Source Files\particle\physics\materials</Filter>
    </ClCompile>
    <ClCompile Include="include\particle\physics\materials\water.cpp">
      <Filter>Source Files\particle\physics\materials</Filter>
    </ClCompile>
    <ClCompile Include="include\particle\physics\particle_physics.cpp">
      <Filter>Source Files\particle\physics</Filter>
    </ClCompile>
    <ClCompile Include="include\particle\particle_world.cpp">
      <Filter>Source Files\particle</Filter>
    </ClCompile>
    <ClCompile Include="main.cpp">
      <Filter>Source Files</Filter>
    </ClCompile>
    <ClCompile Include="include\particle\renderer\particle_renderer.cpp">
      <Filter>Source Files\particle\rendering</Filter>
    </ClCompile>
    <ClCompile Include="include\particle\physics\materials\dirt.cpp">
      <Filter>Source Files\particle\physics\materials</Filter>
    </ClCompile>
    <ClCompile Include="include\particle\physics\materials\grass.cpp">
      <Filter>Source Files\particle\physics\materials</Filter>
    </ClCompile>
    <ClCompile Include="include\particle\physics\materials\ice.cpp">
      <Filter>Source Files\particle\physics\materials</Filter>
    </ClCompile>
    <ClCompile Include="include\particle\physics\materials\simple_gravity.cpp">
      <Filter>Source Files\particle\physics\materials</Filter>
    </ClCompile>
    <ClCompile Include="include\particle\physics\materials\fire.cpp">
      <Filter>Source Files\particle\physics\materials</Filter>
    </ClCompile>
    <ClCompile Include="include\tools\menu\button.cpp">
      <Filter>Source Files\tools\menu</Filter>
    </ClCompile>
    <ClCompile Include="include\tools\arrays.cpp">
      <Filter>Source Files\tools</Filter>
    </ClCompile>
    <ClCompile Include="include\menus\main_menu_intro\main_menu.cpp">
      <Filter>Source Files\menus\main_menu</Filter>
    </ClCompile>
    <ClCompile Include="include\menus\main_menu_intro\controls\main_menu_music.cpp">
      <Filter>Source Files\menus\main_menu\controls</Filter>
    </ClCompile>
    <ClCompile Include="include\menus\sandbox\sandbox_menu.cpp">
      <Filter>Source Files\menus\sandbox_menu</Filter>
    </ClCompile>
    <ClCompile Include="include\menus\sandbox\controls\sandbox_menu_buttons.cpp">
      <Filter>Source Files\menus\sandbox_menu\controls</Filter>
    </ClCompile>
    <ClCompile Include="include\world\world_generator.cpp">
      <Filter>Source Files\world</Filter>
    </ClCompile>
    <ClCompile Include="include\world\generators\tools\noise.cpp">
      <Filter>Source Files\world\generators\tools</Filter>
    </ClCompile>
    <ClCompile Include="include\world\generators\ocean.cpp">
      <Filter>Source Files\world\generators</Filter>
    </ClCompile>
    <ClCompile Include="include\tools\num2d\double2d.cpp">
      <Filter>Source Files\tools\num2d</Filter>
    </ClCompile>
    <ClCompile Include="include\tools\num2d\int2d.cpp">
      <Filter>Source Files\tools\num2d</Filter>
    </ClCompile>
    <ClCompile Include="include\world\generators\swamp.cpp">
      <Filter>Source Files\world\generators</Filter>
    </ClCompile>
    <ClCompile Include="include\world\generators\tools\kernel.cpp">
      <Filter>Source Files\world\generators\tools</Filter>
    </ClCompile>
    <ClCompile Include="include\world\generators\tools\quantize.cpp">
      <Filter>Source Files\world\generators\tools</Filter>
    </ClCompile>
    <ClCompile Include="include\tools\color.cpp">
      <Filter>Source Files\tools</Filter>
    </ClCompile>
    <ClCompile Include="include\particle\sounds\particle_sounds.cpp">
      <Filter>Source Files\particle\sounds</Filter>
    </ClCompile>
  </ItemGroup>
  <ItemGroup>
    <ClInclude Include="headers\tools\menu\button.h">
      <Filter>Header Files\tools\menu</Filter>
    </ClInclude>
    <ClInclude Include="headers\tools\tools.h">
      <Filter>Header Files\tools</Filter>
    </ClInclude>
    <ClInclude Include="headers\particle\particle_physics.h">
      <Filter>Header Files\particle</Filter>
    </ClInclude>
    <ClInclude Include="headers\particle\particle_renderer.h">
      <Filter>Header Files\particle</Filter>
    </ClInclude>
    <ClInclude Include="headers\particle\particle_world.h">
      <Filter>Header Files\particle</Filter>
    </ClInclude>
    <ClInclude Include="headers\menus\menus.h">
      <Filter>Header Files\menus</Filter>
    </ClInclude>
    <ClInclude Include="headers\world\world_generator.h">
      <Filter>Header Files\world</Filter>
    </ClInclude>
    <ClInclude Include="headers\tools\num2d.h">
      <Filter>Header Files\tools</Filter>
    </ClInclude>
    <ClInclude Include="headers\particle\particle_sounds.h">
      <Filter>Header Files\particle</Filter>
    </ClInclude>
  </ItemGroup>
</Project>